// !$*UTF8*$!
{
	archiveVersion = 1;
	classes = {
	};
	objectVersion = 50;
	objects = {

/* Begin PBXBuildFile section */
		40C2364725DE542300BE1972 /* AppDelegate.swift in Sources */ = {isa = PBXBuildFile; fileRef = 40C2364625DE542300BE1972 /* AppDelegate.swift */; };
		40C2364925DE542300BE1972 /* SceneDelegate.swift in Sources */ = {isa = PBXBuildFile; fileRef = 40C2364825DE542300BE1972 /* SceneDelegate.swift */; };
		40C2364B25DE542300BE1972 /* ViewController.swift in Sources */ = {isa = PBXBuildFile; fileRef = 40C2364A25DE542300BE1972 /* ViewController.swift */; };
		40C2364E25DE542300BE1972 /* Main.storyboard in Resources */ = {isa = PBXBuildFile; fileRef = 40C2364C25DE542300BE1972 /* Main.storyboard */; };
		40C2365025DE542800BE1972 /* Assets.xcassets in Resources */ = {isa = PBXBuildFile; fileRef = 40C2364F25DE542800BE1972 /* Assets.xcassets */; };
		40C2365325DE542800BE1972 /* LaunchScreen.storyboard in Resources */ = {isa = PBXBuildFile; fileRef = 40C2365125DE542800BE1972 /* LaunchScreen.storyboard */; };
		40C2365E25DE542800BE1972 /* CookBookTests.swift in Sources */ = {isa = PBXBuildFile; fileRef = 40C2365D25DE542800BE1972 /* CookBookTests.swift */; };
		40C2366925DE542800BE1972 /* CookBookUITests.swift in Sources */ = {isa = PBXBuildFile; fileRef = 40C2366825DE542800BE1972 /* CookBookUITests.swift */; };
/* End PBXBuildFile section */

/* Begin PBXContainerItemProxy section */
		40C2365A25DE542800BE1972 /* PBXContainerItemProxy */ = {
			isa = PBXContainerItemProxy;
			containerPortal = 40C2363B25DE542200BE1972 /* Project object */;
			proxyType = 1;
			remoteGlobalIDString = 40C2364225DE542200BE1972;
			remoteInfo = CookBook;
		};
		40C2366525DE542800BE1972 /* PBXContainerItemProxy */ = {
			isa = PBXContainerItemProxy;
			containerPortal = 40C2363B25DE542200BE1972 /* Project object */;
			proxyType = 1;
			remoteGlobalIDString = 40C2364225DE542200BE1972;
			remoteInfo = CookBook;
		};
/* End PBXContainerItemProxy section */

/* Begin PBXFileReference section */
		40C2364325DE542300BE1972 /* CookBook.app */ = {isa = PBXFileReference; explicitFileType = wrapper.application; includeInIndex = 0; path = CookBook.app; sourceTree = BUILT_PRODUCTS_DIR; };
		40C2364625DE542300BE1972 /* AppDelegate.swift */ = {isa = PBXFileReference; lastKnownFileType = sourcecode.swift; path = AppDelegate.swift; sourceTree = "<group>"; };
		40C2364825DE542300BE1972 /* SceneDelegate.swift */ = {isa = PBXFileReference; lastKnownFileType = sourcecode.swift; path = SceneDelegate.swift; sourceTree = "<group>"; };
		40C2364A25DE542300BE1972 /* ViewController.swift */ = {isa = PBXFileReference; lastKnownFileType = sourcecode.swift; path = ViewController.swift; sourceTree = "<group>"; };
		40C2364D25DE542300BE1972 /* Base */ = {isa = PBXFileReference; lastKnownFileType = file.storyboard; name = Base; path = Base.lproj/Main.storyboard; sourceTree = "<group>"; };
		40C2364F25DE542800BE1972 /* Assets.xcassets */ = {isa = PBXFileReference; lastKnownFileType = folder.assetcatalog; path = Assets.xcassets; sourceTree = "<group>"; };
		40C2365225DE542800BE1972 /* Base */ = {isa = PBXFileReference; lastKnownFileType = file.storyboard; name = Base; path = Base.lproj/LaunchScreen.storyboard; sourceTree = "<group>"; };
		40C2365425DE542800BE1972 /* Info.plist */ = {isa = PBXFileReference; lastKnownFileType = text.plist.xml; path = Info.plist; sourceTree = "<group>"; };
		40C2365925DE542800BE1972 /* CookBookTests.xctest */ = {isa = PBXFileReference; explicitFileType = wrapper.cfbundle; includeInIndex = 0; path = CookBookTests.xctest; sourceTree = BUILT_PRODUCTS_DIR; };
		40C2365D25DE542800BE1972 /* CookBookTests.swift */ = {isa = PBXFileReference; lastKnownFileType = sourcecode.swift; path = CookBookTests.swift; sourceTree = "<group>"; };
		40C2365F25DE542800BE1972 /* Info.plist */ = {isa = PBXFileReference; lastKnownFileType = text.plist.xml; path = Info.plist; sourceTree = "<group>"; };
		40C2366425DE542800BE1972 /* CookBookUITests.xctest */ = {isa = PBXFileReference; explicitFileType = wrapper.cfbundle; includeInIndex = 0; path = CookBookUITests.xctest; sourceTree = BUILT_PRODUCTS_DIR; };
		40C2366825DE542800BE1972 /* CookBookUITests.swift */ = {isa = PBXFileReference; lastKnownFileType = sourcecode.swift; path = CookBookUITests.swift; sourceTree = "<group>"; };
		40C2366A25DE542800BE1972 /* Info.plist */ = {isa = PBXFileReference; lastKnownFileType = text.plist.xml; path = Info.plist; sourceTree = "<group>"; };
/* End PBXFileReference section */

/* Begin PBXFrameworksBuildPhase section */
		40C2364025DE542200BE1972 /* Frameworks */ = {
			isa = PBXFrameworksBuildPhase;
			buildActionMask = 2147483647;
			files = (
			);
			runOnlyForDeploymentPostprocessing = 0;
		};
		40C2365625DE542800BE1972 /* Frameworks */ = {
			isa = PBXFrameworksBuildPhase;
			buildActionMask = 2147483647;
			files = (
			);
			runOnlyForDeploymentPostprocessing = 0;
		};
		40C2366125DE542800BE1972 /* Frameworks */ = {
			isa = PBXFrameworksBuildPhase;
			buildActionMask = 2147483647;
			files = (
			);
			runOnlyForDeploymentPostprocessing = 0;
		};
/* End PBXFrameworksBuildPhase section */

/* Begin PBXGroup section */
		40C2363A25DE542200BE1972 = {
			isa = PBXGroup;
			children = (
				40C2364525DE542300BE1972 /* CookBook */,
				40C2365C25DE542800BE1972 /* CookBookTests */,
				40C2366725DE542800BE1972 /* CookBookUITests */,
				40C2364425DE542300BE1972 /* Products */,
			);
			sourceTree = "<group>";
		};
		40C2364425DE542300BE1972 /* Products */ = {
			isa = PBXGroup;
			children = (
				40C2364325DE542300BE1972 /* CookBook.app */,
				40C2365925DE542800BE1972 /* CookBookTests.xctest */,
				40C2366425DE542800BE1972 /* CookBookUITests.xctest */,
			);
			name = Products;
			sourceTree = "<group>";
		};
		40C2364525DE542300BE1972 /* CookBook */ = {
			isa = PBXGroup;
			children = (
				40C2364625DE542300BE1972 /* AppDelegate.swift */,
				40C2364825DE542300BE1972 /* SceneDelegate.swift */,
				40C2364A25DE542300BE1972 /* ViewController.swift */,
				40C2364C25DE542300BE1972 /* Main.storyboard */,
				40C2364F25DE542800BE1972 /* Assets.xcassets */,
				40C2365125DE542800BE1972 /* LaunchScreen.storyboard */,
				40C2365425DE542800BE1972 /* Info.plist */,
			);
			path = CookBook;
			sourceTree = "<group>";
		};
		40C2365C25DE542800BE1972 /* CookBookTests */ = {
			isa = PBXGroup;
			children = (
				40C2365D25DE542800BE1972 /* CookBookTests.swift */,
				40C2365F25DE542800BE1972 /* Info.plist */,
			);
			path = CookBookTests;
			sourceTree = "<group>";
		};
		40C2366725DE542800BE1972 /* CookBookUITests */ = {
			isa = PBXGroup;
			children = (
				40C2366825DE542800BE1972 /* CookBookUITests.swift */,
				40C2366A25DE542800BE1972 /* Info.plist */,
			);
			path = CookBookUITests;
			sourceTree = "<group>";
		};
/* End PBXGroup section */

/* Begin PBXNativeTarget section */
		40C2364225DE542200BE1972 /* CookBook */ = {
			isa = PBXNativeTarget;
			buildConfigurationList = 40C2366D25DE542800BE1972 /* Build configuration list for PBXNativeTarget "CookBook" */;
			buildPhases = (
				40C2363F25DE542200BE1972 /* Sources */,
				40C2364025DE542200BE1972 /* Frameworks */,
				40C2364125DE542200BE1972 /* Resources */,
			);
			buildRules = (
			);
			dependencies = (
			);
			name = CookBook;
			productName = CookBook;
			productReference = 40C2364325DE542300BE1972 /* CookBook.app */;
			productType = "com.apple.product-type.application";
		};
		40C2365825DE542800BE1972 /* CookBookTests */ = {
			isa = PBXNativeTarget;
			buildConfigurationList = 40C2367025DE542800BE1972 /* Build configuration list for PBXNativeTarget "CookBookTests" */;
			buildPhases = (
				40C2365525DE542800BE1972 /* Sources */,
				40C2365625DE542800BE1972 /* Frameworks */,
				40C2365725DE542800BE1972 /* Resources */,
			);
			buildRules = (
			);
			dependencies = (
				40C2365B25DE542800BE1972 /* PBXTargetDependency */,
			);
			name = CookBookTests;
			productName = CookBookTests;
			productReference = 40C2365925DE542800BE1972 /* CookBookTests.xctest */;
			productType = "com.apple.product-type.bundle.unit-test";
		};
		40C2366325DE542800BE1972 /* CookBookUITests */ = {
			isa = PBXNativeTarget;
			buildConfigurationList = 40C2367325DE542800BE1972 /* Build configuration list for PBXNativeTarget "CookBookUITests" */;
			buildPhases = (
				40C2366025DE542800BE1972 /* Sources */,
				40C2366125DE542800BE1972 /* Frameworks */,
				40C2366225DE542800BE1972 /* Resources */,
			);
			buildRules = (
			);
			dependencies = (
				40C2366625DE542800BE1972 /* PBXTargetDependency */,
			);
			name = CookBookUITests;
			productName = CookBookUITests;
			productReference = 40C2366425DE542800BE1972 /* CookBookUITests.xctest */;
			productType = "com.apple.product-type.bundle.ui-testing";
		};
/* End PBXNativeTarget section */

/* Begin PBXProject section */
		40C2363B25DE542200BE1972 /* Project object */ = {
			isa = PBXProject;
			attributes = {
				LastSwiftUpdateCheck = 1130;
				LastUpgradeCheck = 1130;
				ORGANIZATIONNAME = "Himanshu Soni";
				TargetAttributes = {
					40C2364225DE542200BE1972 = {
						CreatedOnToolsVersion = 11.3.1;
					};
					40C2365825DE542800BE1972 = {
						CreatedOnToolsVersion = 11.3.1;
						TestTargetID = 40C2364225DE542200BE1972;
					};
					40C2366325DE542800BE1972 = {
						CreatedOnToolsVersion = 11.3.1;
						TestTargetID = 40C2364225DE542200BE1972;
					};
				};
			};
			buildConfigurationList = 40C2363E25DE542200BE1972 /* Build configuration list for PBXProject "CookBook" */;
			compatibilityVersion = "Xcode 9.3";
			developmentRegion = en;
			hasScannedForEncodings = 0;
			knownRegions = (
				en,
				Base,
			);
			mainGroup = 40C2363A25DE542200BE1972;
			productRefGroup = 40C2364425DE542300BE1972 /* Products */;
			projectDirPath = "";
			projectRoot = "";
			targets = (
				40C2364225DE542200BE1972 /* CookBook */,
				40C2365825DE542800BE1972 /* CookBookTests */,
				40C2366325DE542800BE1972 /* CookBookUITests */,
			);
		};
/* End PBXProject section */

/* Begin PBXResourcesBuildPhase section */
		40C2364125DE542200BE1972 /* Resources */ = {
			isa = PBXResourcesBuildPhase;
			buildActionMask = 2147483647;
			files = (
				40C2365325DE542800BE1972 /* LaunchScreen.storyboard in Resources */,
				40C2365025DE542800BE1972 /* Assets.xcassets in Resources */,
				40C2364E25DE542300BE1972 /* Main.storyboard in Resources */,
			);
			runOnlyForDeploymentPostprocessing = 0;
		};
		40C2365725DE542800BE1972 /* Resources */ = {
			isa = PBXResourcesBuildPhase;
			buildActionMask = 2147483647;
			files = (
			);
			runOnlyForDeploymentPostprocessing = 0;
		};
		40C2366225DE542800BE1972 /* Resources */ = {
			isa = PBXResourcesBuildPhase;
			buildActionMask = 2147483647;
			files = (
			);
			runOnlyForDeploymentPostprocessing = 0;
		};
/* End PBXResourcesBuildPhase section */

/* Begin PBXSourcesBuildPhase section */
		40C2363F25DE542200BE1972 /* Sources */ = {
			isa = PBXSourcesBuildPhase;
			buildActionMask = 2147483647;
			files = (
				40C2364B25DE542300BE1972 /* ViewController.swift in Sources */,
				40C2364725DE542300BE1972 /* AppDelegate.swift in Sources */,
				40C2364925DE542300BE1972 /* SceneDelegate.swift in Sources */,
			);
			runOnlyForDeploymentPostprocessing = 0;
		};
		40C2365525DE542800BE1972 /* Sources */ = {
			isa = PBXSourcesBuildPhase;
			buildActionMask = 2147483647;
			files = (
				40C2365E25DE542800BE1972 /* CookBookTests.swift in Sources */,
			);
			runOnlyForDeploymentPostprocessing = 0;
		};
		40C2366025DE542800BE1972 /* Sources */ = {
			isa = PBXSourcesBuildPhase;
			buildActionMask = 2147483647;
			files = (
				40C2366925DE542800BE1972 /* CookBookUITests.swift in Sources */,
			);
			runOnlyForDeploymentPostprocessing = 0;
		};
/* End PBXSourcesBuildPhase section */

/* Begin PBXTargetDependency section */
		40C2365B25DE542800BE1972 /* PBXTargetDependency */ = {
			isa = PBXTargetDependency;
			target = 40C2364225DE542200BE1972 /* CookBook */;
			targetProxy = 40C2365A25DE542800BE1972 /* PBXContainerItemProxy */;
		};
		40C2366625DE542800BE1972 /* PBXTargetDependency */ = {
			isa = PBXTargetDependency;
			target = 40C2364225DE542200BE1972 /* CookBook */;
			targetProxy = 40C2366525DE542800BE1972 /* PBXContainerItemProxy */;
		};
/* End PBXTargetDependency section */

/* Begin PBXVariantGroup section */
		40C2364C25DE542300BE1972 /* Main.storyboard */ = {
			isa = PBXVariantGroup;
			children = (
				40C2364D25DE542300BE1972 /* Base */,
			);
			name = Main.storyboard;
			sourceTree = "<group>";
		};
		40C2365125DE542800BE1972 /* LaunchScreen.storyboard */ = {
			isa = PBXVariantGroup;
			children = (
				40C2365225DE542800BE1972 /* Base */,
			);
			name = LaunchScreen.storyboard;
			sourceTree = "<group>";
		};
/* End PBXVariantGroup section */

/* Begin XCBuildConfiguration section */
		40C2366B25DE542800BE1972 /* Debug */ = {
			isa = XCBuildConfiguration;
			buildSettings = {
				ALWAYS_SEARCH_USER_PATHS = NO;
				CLANG_ANALYZER_NONNULL = YES;
				CLANG_ANALYZER_NUMBER_OBJECT_CONVERSION = YES_AGGRESSIVE;
				CLANG_CXX_LANGUAGE_STANDARD = "gnu++14";
				CLANG_CXX_LIBRARY = "libc++";
				CLANG_ENABLE_MODULES = YES;
				CLANG_ENABLE_OBJC_ARC = YES;
				CLANG_ENABLE_OBJC_WEAK = YES;
				CLANG_WARN_BLOCK_CAPTURE_AUTORELEASING = YES;
				CLANG_WARN_BOOL_CONVERSION = YES;
				CLANG_WARN_COMMA = YES;
				CLANG_WARN_CONSTANT_CONVERSION = YES;
				CLANG_WARN_DEPRECATED_OBJC_IMPLEMENTATIONS = YES;
				CLANG_WARN_DIRECT_OBJC_ISA_USAGE = YES_ERROR;
				CLANG_WARN_DOCUMENTATION_COMMENTS = YES;
				CLANG_WARN_EMPTY_BODY = YES;
				CLANG_WARN_ENUM_CONVERSION = YES;
				CLANG_WARN_INFINITE_RECURSION = YES;
				CLANG_WARN_INT_CONVERSION = YES;
				CLANG_WARN_NON_LITERAL_NULL_CONVERSION = YES;
				CLANG_WARN_OBJC_IMPLICIT_RETAIN_SELF = YES;
				CLANG_WARN_OBJC_LITERAL_CONVERSION = YES;
				CLANG_WARN_OBJC_ROOT_CLASS = YES_ERROR;
				CLANG_WARN_RANGE_LOOP_ANALYSIS = YES;
				CLANG_WARN_STRICT_PROTOTYPES = YES;
				CLANG_WARN_SUSPICIOUS_MOVE = YES;
				CLANG_WARN_UNGUARDED_AVAILABILITY = YES_AGGRESSIVE;
				CLANG_WARN_UNREACHABLE_CODE = YES;
				CLANG_WARN__DUPLICATE_METHOD_MATCH = YES;
				COPY_PHASE_STRIP = NO;
				DEBUG_INFORMATION_FORMAT = dwarf;
				ENABLE_STRICT_OBJC_MSGSEND = YES;
				ENABLE_TESTABILITY = YES;
				GCC_C_LANGUAGE_STANDARD = gnu11;
				GCC_DYNAMIC_NO_PIC = NO;
				GCC_NO_COMMON_BLOCKS = YES;
				GCC_OPTIMIZATION_LEVEL = 0;
				GCC_PREPROCESSOR_DEFINITIONS = (
					"DEBUG=1",
					"$(inherited)",
				);
				GCC_WARN_64_TO_32_BIT_CONVERSION = YES;
				GCC_WARN_ABOUT_RETURN_TYPE = YES_ERROR;
				GCC_WARN_UNDECLARED_SELECTOR = YES;
				GCC_WARN_UNINITIALIZED_AUTOS = YES_AGGRESSIVE;
				GCC_WARN_UNUSED_FUNCTION = YES;
				GCC_WARN_UNUSED_VARIABLE = YES;
				IPHONEOS_DEPLOYMENT_TARGET = 13.2;
				MTL_ENABLE_DEBUG_INFO = INCLUDE_SOURCE;
				MTL_FAST_MATH = YES;
				ONLY_ACTIVE_ARCH = YES;
				SDKROOT = iphoneos;
				SWIFT_ACTIVE_COMPILATION_CONDITIONS = DEBUG;
				SWIFT_OPTIMIZATION_LEVEL = "-Onone";
			};
			name = Debug;
		};
		40C2366C25DE542800BE1972 /* Release */ = {
			isa = XCBuildConfiguration;
			buildSettings = {
				ALWAYS_SEARCH_USER_PATHS = NO;
				CLANG_ANALYZER_NONNULL = YES;
				CLANG_ANALYZER_NUMBER_OBJECT_CONVERSION = YES_AGGRESSIVE;
				CLANG_CXX_LANGUAGE_STANDARD = "gnu++14";
				CLANG_CXX_LIBRARY = "libc++";
				CLANG_ENABLE_MODULES = YES;
				CLANG_ENABLE_OBJC_ARC = YES;
				CLANG_ENABLE_OBJC_WEAK = YES;
				CLANG_WARN_BLOCK_CAPTURE_AUTORELEASING = YES;
				CLANG_WARN_BOOL_CONVERSION = YES;
				CLANG_WARN_COMMA = YES;
				CLANG_WARN_CONSTANT_CONVERSION = YES;
				CLANG_WARN_DEPRECATED_OBJC_IMPLEMENTATIONS = YES;
				CLANG_WARN_DIRECT_OBJC_ISA_USAGE = YES_ERROR;
				CLANG_WARN_DOCUMENTATION_COMMENTS = YES;
				CLANG_WARN_EMPTY_BODY = YES;
				CLANG_WARN_ENUM_CONVERSION = YES;
				CLANG_WARN_INFINITE_RECURSION = YES;
				CLANG_WARN_INT_CONVERSION = YES;
				CLANG_WARN_NON_LITERAL_NULL_CONVERSION = YES;
				CLANG_WARN_OBJC_IMPLICIT_RETAIN_SELF = YES;
				CLANG_WARN_OBJC_LITERAL_CONVERSION = YES;
				CLANG_WARN_OBJC_ROOT_CLASS = YES_ERROR;
				CLANG_WARN_RANGE_LOOP_ANALYSIS = YES;
				CLANG_WARN_STRICT_PROTOTYPES = YES;
				CLANG_WARN_SUSPICIOUS_MOVE = YES;
				CLANG_WARN_UNGUARDED_AVAILABILITY = YES_AGGRESSIVE;
				CLANG_WARN_UNREACHABLE_CODE = YES;
				CLANG_WARN__DUPLICATE_METHOD_MATCH = YES;
				COPY_PHASE_STRIP = NO;
				DEBUG_INFORMATION_FORMAT = "dwarf-with-dsym";
				ENABLE_NS_ASSERTIONS = NO;
				ENABLE_STRICT_OBJC_MSGSEND = YES;
				GCC_C_LANGUAGE_STANDARD = gnu11;
				GCC_NO_COMMON_BLOCKS = YES;
				GCC_WARN_64_TO_32_BIT_CONVERSION = YES;
				GCC_WARN_ABOUT_RETURN_TYPE = YES_ERROR;
				GCC_WARN_UNDECLARED_SELECTOR = YES;
				GCC_WARN_UNINITIALIZED_AUTOS = YES_AGGRESSIVE;
				GCC_WARN_UNUSED_FUNCTION = YES;
				GCC_WARN_UNUSED_VARIABLE = YES;
				IPHONEOS_DEPLOYMENT_TARGET = 13.2;
				MTL_ENABLE_DEBUG_INFO = NO;
				MTL_FAST_MATH = YES;
				SDKROOT = iphoneos;
				SWIFT_COMPILATION_MODE = wholemodule;
				SWIFT_OPTIMIZATION_LEVEL = "-O";
				VALIDATE_PRODUCT = YES;
			};
			name = Release;
		};
		40C2366E25DE542800BE1972 /* Debug */ = {
			isa = XCBuildConfiguration;
			buildSettings = {
				ASSETCATALOG_COMPILER_APPICON_NAME = AppIcon;
				CODE_SIGN_STYLE = Automatic;
				INFOPLIST_FILE = CookBook/Info.plist;
				LD_RUNPATH_SEARCH_PATHS = (
					"$(inherited)",
					"@executable_path/Frameworks",
				);
				PRODUCT_BUNDLE_IDENTIFIER = himanshu.CookBook;
				PRODUCT_NAME = "$(TARGET_NAME)";
				SWIFT_VERSION = 5.0;
				TARGETED_DEVICE_FAMILY = "1,2";
			};
			name = Debug;
		};
		40C2366F25DE542800BE1972 /* Release */ = {
			isa = XCBuildConfiguration;
			buildSettings = {
				ASSETCATALOG_COMPILER_APPICON_NAME = AppIcon;
				CODE_SIGN_STYLE = Automatic;
				INFOPLIST_FILE = CookBook/Info.plist;
				LD_RUNPATH_SEARCH_PATHS = (
					"$(inherited)",
					"@executable_path/Frameworks",
				);
				PRODUCT_BUNDLE_IDENTIFIER = himanshu.CookBook;
				PRODUCT_NAME = "$(TARGET_NAME)";
				SWIFT_VERSION = 5.0;
				TARGETED_DEVICE_FAMILY = "1,2";
			};
			name = Release;
		};
		40C2367125DE542800BE1972 /* Debug */ = {
			isa = XCBuildConfiguration;
			buildSettings = {
				ALWAYS_EMBED_SWIFT_STANDARD_LIBRARIES = YES;
				BUNDLE_LOADER = "$(TEST_HOST)";
				CODE_SIGN_STYLE = Automatic;
				INFOPLIST_FILE = CookBookTests/Info.plist;
				IPHONEOS_DEPLOYMENT_TARGET = 13.2;
				LD_RUNPATH_SEARCH_PATHS = (
					"$(inherited)",
					"@executable_path/Frameworks",
					"@loader_path/Frameworks",
				);
				PRODUCT_BUNDLE_IDENTIFIER = himanshu.CookBookTests;
				PRODUCT_NAME = "$(TARGET_NAME)";
				SWIFT_VERSION = 5.0;
				TARGETED_DEVICE_FAMILY = "1,2";
				TEST_HOST = "$(BUILT_PRODUCTS_DIR)/CookBook.app/CookBook";
			};
			name = Debug;
		};
		40C2367225DE542800BE1972 /* Release */ = {
			isa = XCBuildConfiguration;
			buildSettings = {
				ALWAYS_EMBED_SWIFT_STANDARD_LIBRARIES = YES;
				BUNDLE_LOADER = "$(TEST_HOST)";
				CODE_SIGN_STYLE = Automatic;
				INFOPLIST_FILE = CookBookTests/Info.plist;
				IPHONEOS_DEPLOYMENT_TARGET = 13.2;
				LD_RUNPATH_SEARCH_PATHS = (
					"$(inherited)",
					"@executable_path/Frameworks",
					"@loader_path/Frameworks",
				);
				PRODUCT_BUNDLE_IDENTIFIER = himanshu.CookBookTests;
				PRODUCT_NAME = "$(TARGET_NAME)";
				SWIFT_VERSION = 5.0;
				TARGETED_DEVICE_FAMILY = "1,2";
				TEST_HOST = "$(BUILT_PRODUCTS_DIR)/CookBook.app/CookBook";
			};
			name = Release;
		};
		40C2367425DE542800BE1972 /* Debug */ = {
			isa = XCBuildConfiguration;
			buildSettings = {
				ALWAYS_EMBED_SWIFT_STANDARD_LIBRARIES = YES;
				CODE_SIGN_STYLE = Automatic;
				INFOPLIST_FILE = CookBookUITests/Info.plist;
				LD_RUNPATH_SEARCH_PATHS = (
					"$(inherited)",
					"@executable_path/Frameworks",
					"@loader_path/Frameworks",
				);
				PRODUCT_BUNDLE_IDENTIFIER = himanshu.CookBookUITests;
				PRODUCT_NAME = "$(TARGET_NAME)";
				SWIFT_VERSION = 5.0;
				TARGETED_DEVICE_FAMILY = "1,2";
				TEST_TARGET_NAME = CookBook;
			};
			name = Debug;
		};
		40C2367525DE542800BE1972 /* Release */ = {
			isa = XCBuildConfiguration;
			buildSettings = {
				ALWAYS_EMBED_SWIFT_STANDARD_LIBRARIES = YES;
				CODE_SIGN_STYLE = Automatic;
				INFOPLIST_FILE = CookBookUITests/Info.plist;
				LD_RUNPATH_SEARCH_PATHS = (
					"$(inherited)",
					"@executable_path/Frameworks",
					"@loader_path/Frameworks",
				);
				PRODUCT_BUNDLE_IDENTIFIER = himanshu.CookBookUITests;
				PRODUCT_NAME = "$(TARGET_NAME)";
				SWIFT_VERSION = 5.0;
				TARGETED_DEVICE_FAMILY = "1,2";
				TEST_TARGET_NAME = CookBook;
			};
			name = Release;
		};
/* End XCBuildConfiguration section */

/* Begin XCConfigurationList section */
		40C2363E25DE542200BE1972 /* Build configuration list for PBXProject "CookBook" */ = {
			isa = XCConfigurationList;
			buildConfigurations = (
				40C2366B25DE542800BE1972 /* Debug */,
				40C2366C25DE542800BE1972 /* Release */,
			);
			defaultConfigurationIsVisible = 0;
			defaultConfigurationName = Release;
		};
		40C2366D25DE542800BE1972 /* Build configuration list for PBXNativeTarget "CookBook" */ = {
			isa = XCConfigurationList;
			buildConfigurations = (
				40C2366E25DE542800BE1972 /* Debug */,
				40C2366F25DE542800BE1972 /* Release */,
			);
			defaultConfigurationIsVisible = 0;
			defaultConfigurationName = Release;
		};
		40C2367025DE542800BE1972 /* Build configuration list for PBXNativeTarget "CookBookTests" */ = {
			isa = XCConfigurationList;
			buildConfigurations = (
				40C2367125DE542800BE1972 /* Debug */,
				40C2367225DE542800BE1972 /* Release */,
			);
			defaultConfigurationIsVisible = 0;
			defaultConfigurationName = Release;
		};
		40C2367325DE542800BE1972 /* Build configuration list for PBXNativeTarget "CookBookUITests" */ = {
			isa = XCConfigurationList;
			buildConfigurations = (
				40C2367425DE542800BE1972 /* Debug */,
				40C2367525DE542800BE1972 /* Release */,
			);
			defaultConfigurationIsVisible = 0;
			defaultConfigurationName = Release;
		};
/* End XCConfigurationList section */
	};
	rootObject = 40C2363B25DE542200BE1972 /* Project object */;
}
