// !$*UTF8*$!
{
	archiveVersion = 1;
	classes = {
	};
	objectVersion = 51;
	objects = {

/* Begin PBXBuildFile section */
		105875B48A1B7A7519304C90 /* Pods_CookBook.framework in Frameworks */ = {isa = PBXBuildFile; fileRef = A149F426BB46BADACFA236DD /* Pods_CookBook.framework */; };
		40195F9325E1147500CBA2BE /* LoginViewController.swift in Sources */ = {isa = PBXBuildFile; fileRef = 40195F9225E1147500CBA2BE /* LoginViewController.swift */; };
		40195F9525E11FDD00CBA2BE /* CustomTextField.swift in Sources */ = {isa = PBXBuildFile; fileRef = 40195F9425E11FDD00CBA2BE /* CustomTextField.swift */; };
		40195F9725E1658E00CBA2BE /* SignUpViewController.swift in Sources */ = {isa = PBXBuildFile; fileRef = 40195F9625E1658E00CBA2BE /* SignUpViewController.swift */; };
		40195F9925E16F4A00CBA2BE /* CustomNavigationController.swift in Sources */ = {isa = PBXBuildFile; fileRef = 40195F9825E16F4A00CBA2BE /* CustomNavigationController.swift */; };
		40195F9B25E2CEAC00CBA2BE /* HomeTableViewController.swift in Sources */ = {isa = PBXBuildFile; fileRef = 40195F9A25E2CEAC00CBA2BE /* HomeTableViewController.swift */; };
		40195F9D25E2CEC900CBA2BE /* CategoryTableViewController.swift in Sources */ = {isa = PBXBuildFile; fileRef = 40195F9C25E2CEC900CBA2BE /* CategoryTableViewController.swift */; };
		40195F9F25E2CF3900CBA2BE /* FavoriteTableViewController.swift in Sources */ = {isa = PBXBuildFile; fileRef = 40195F9E25E2CF3900CBA2BE /* FavoriteTableViewController.swift */; };
		40195FA125E2CF9300CBA2BE /* ProfileViewController.swift in Sources */ = {isa = PBXBuildFile; fileRef = 40195FA025E2CF9300CBA2BE /* ProfileViewController.swift */; };
		40195FA325E3BAF300CBA2BE /* bigPictureStoryboard.storyboard in Resources */ = {isa = PBXBuildFile; fileRef = 40195FA225E3BAF300CBA2BE /* bigPictureStoryboard.storyboard */; };
		40C2364725DE542300BE1972 /* AppDelegate.swift in Sources */ = {isa = PBXBuildFile; fileRef = 40C2364625DE542300BE1972 /* AppDelegate.swift */; };
		40C2364925DE542300BE1972 /* SceneDelegate.swift in Sources */ = {isa = PBXBuildFile; fileRef = 40C2364825DE542300BE1972 /* SceneDelegate.swift */; };
		40C2364E25DE542300BE1972 /* Main.storyboard in Resources */ = {isa = PBXBuildFile; fileRef = 40C2364C25DE542300BE1972 /* Main.storyboard */; };
		40C2365025DE542800BE1972 /* Assets.xcassets in Resources */ = {isa = PBXBuildFile; fileRef = 40C2364F25DE542800BE1972 /* Assets.xcassets */; };
		40C2365325DE542800BE1972 /* LaunchScreen.storyboard in Resources */ = {isa = PBXBuildFile; fileRef = 40C2365125DE542800BE1972 /* LaunchScreen.storyboard */; };
		40C2365E25DE542800BE1972 /* CookBookTests.swift in Sources */ = {isa = PBXBuildFile; fileRef = 40C2365D25DE542800BE1972 /* CookBookTests.swift */; };
		40C2366925DE542800BE1972 /* CookBookUITests.swift in Sources */ = {isa = PBXBuildFile; fileRef = 40C2366825DE542800BE1972 /* CookBookUITests.swift */; };
		40C2367825DE618D00BE1972 /* CustomColor.swift in Sources */ = {isa = PBXBuildFile; fileRef = 40C2367725DE618D00BE1972 /* CustomColor.swift */; };
		40C2367B25DE63C600BE1972 /* LoginSignUpViewController.swift in Sources */ = {isa = PBXBuildFile; fileRef = 40C2367A25DE63C600BE1972 /* LoginSignUpViewController.swift */; };
		40C2367D25DE70E800BE1972 /* CustomButton.swift in Sources */ = {isa = PBXBuildFile; fileRef = 40C2367C25DE70E800BE1972 /* CustomButton.swift */; };
		40C2367F25E0D81300BE1972 /* CustomLabel.swift in Sources */ = {isa = PBXBuildFile; fileRef = 40C2367E25E0D81300BE1972 /* CustomLabel.swift */; };
/* End PBXBuildFile section */

/* Begin PBXContainerItemProxy section */
		40C2365A25DE542800BE1972 /* PBXContainerItemProxy */ = {
			isa = PBXContainerItemProxy;
			containerPortal = 40C2363B25DE542200BE1972 /* Project object */;
			proxyType = 1;
			remoteGlobalIDString = 40C2364225DE542200BE1972;
			remoteInfo = CookBook;
		};
		40C2366525DE542800BE1972 /* PBXContainerItemProxy */ = {
			isa = PBXContainerItemProxy;
			containerPortal = 40C2363B25DE542200BE1972 /* Project object */;
			proxyType = 1;
			remoteGlobalIDString = 40C2364225DE542200BE1972;
			remoteInfo = CookBook;
		};
/* End PBXContainerItemProxy section */

/* Begin PBXFileReference section */
		40195F9225E1147500CBA2BE /* LoginViewController.swift */ = {isa = PBXFileReference; lastKnownFileType = sourcecode.swift; path = LoginViewController.swift; sourceTree = "<group>"; };
		40195F9425E11FDD00CBA2BE /* CustomTextField.swift */ = {isa = PBXFileReference; lastKnownFileType = sourcecode.swift; path = CustomTextField.swift; sourceTree = "<group>"; };
		40195F9625E1658E00CBA2BE /* SignUpViewController.swift */ = {isa = PBXFileReference; lastKnownFileType = sourcecode.swift; path = SignUpViewController.swift; sourceTree = "<group>"; };
		40195F9825E16F4A00CBA2BE /* CustomNavigationController.swift */ = {isa = PBXFileReference; lastKnownFileType = sourcecode.swift; path = CustomNavigationController.swift; sourceTree = "<group>"; };
		40195F9A25E2CEAC00CBA2BE /* HomeTableViewController.swift */ = {isa = PBXFileReference; lastKnownFileType = sourcecode.swift; path = HomeTableViewController.swift; sourceTree = "<group>"; };
		40195F9C25E2CEC900CBA2BE /* CategoryTableViewController.swift */ = {isa = PBXFileReference; lastKnownFileType = sourcecode.swift; path = CategoryTableViewController.swift; sourceTree = "<group>"; };
		40195F9E25E2CF3900CBA2BE /* FavoriteTableViewController.swift */ = {isa = PBXFileReference; lastKnownFileType = sourcecode.swift; path = FavoriteTableViewController.swift; sourceTree = "<group>"; };
		40195FA025E2CF9300CBA2BE /* ProfileViewController.swift */ = {isa = PBXFileReference; lastKnownFileType = sourcecode.swift; path = ProfileViewController.swift; sourceTree = "<group>"; };
		40195FA225E3BAF300CBA2BE /* bigPictureStoryboard.storyboard */ = {isa = PBXFileReference; lastKnownFileType = file.storyboard; path = bigPictureStoryboard.storyboard; sourceTree = "<group>"; };
		401B9CBA25E3BC82003A2068 /* TabBarMenu.storyboard */ = {isa = PBXFileReference; lastKnownFileType = file.storyboard; name = TabBarMenu.storyboard; path = /Users/himanshusoni/Documents/CookBook/CookBook/CookBook/TabBarMenu.storyboard; sourceTree = "<absolute>"; };
		40C2364325DE542300BE1972 /* CookBook.app */ = {isa = PBXFileReference; explicitFileType = wrapper.application; includeInIndex = 0; path = CookBook.app; sourceTree = BUILT_PRODUCTS_DIR; };
		40C2364625DE542300BE1972 /* AppDelegate.swift */ = {isa = PBXFileReference; lastKnownFileType = sourcecode.swift; path = AppDelegate.swift; sourceTree = "<group>"; };
		40C2364825DE542300BE1972 /* SceneDelegate.swift */ = {isa = PBXFileReference; lastKnownFileType = sourcecode.swift; path = SceneDelegate.swift; sourceTree = "<group>"; };
		40C2364D25DE542300BE1972 /* Base */ = {isa = PBXFileReference; lastKnownFileType = file.storyboard; name = Base; path = Base.lproj/Main.storyboard; sourceTree = "<group>"; };
		40C2364F25DE542800BE1972 /* Assets.xcassets */ = {isa = PBXFileReference; lastKnownFileType = folder.assetcatalog; path = Assets.xcassets; sourceTree = "<group>"; };
		40C2365225DE542800BE1972 /* Base */ = {isa = PBXFileReference; lastKnownFileType = file.storyboard; name = Base; path = Base.lproj/LaunchScreen.storyboard; sourceTree = "<group>"; };
		40C2365425DE542800BE1972 /* Info.plist */ = {isa = PBXFileReference; lastKnownFileType = text.plist.xml; path = Info.plist; sourceTree = "<group>"; };
		40C2365925DE542800BE1972 /* CookBookTests.xctest */ = {isa = PBXFileReference; explicitFileType = wrapper.cfbundle; includeInIndex = 0; path = CookBookTests.xctest; sourceTree = BUILT_PRODUCTS_DIR; };
		40C2365D25DE542800BE1972 /* CookBookTests.swift */ = {isa = PBXFileReference; lastKnownFileType = sourcecode.swift; path = CookBookTests.swift; sourceTree = "<group>"; };
		40C2365F25DE542800BE1972 /* Info.plist */ = {isa = PBXFileReference; lastKnownFileType = text.plist.xml; path = Info.plist; sourceTree = "<group>"; };
		40C2366425DE542800BE1972 /* CookBookUITests.xctest */ = {isa = PBXFileReference; explicitFileType = wrapper.cfbundle; includeInIndex = 0; path = CookBookUITests.xctest; sourceTree = BUILT_PRODUCTS_DIR; };
		40C2366825DE542800BE1972 /* CookBookUITests.swift */ = {isa = PBXFileReference; lastKnownFileType = sourcecode.swift; path = CookBookUITests.swift; sourceTree = "<group>"; };
		40C2366A25DE542800BE1972 /* Info.plist */ = {isa = PBXFileReference; lastKnownFileType = text.plist.xml; path = Info.plist; sourceTree = "<group>"; };
		40C2367725DE618D00BE1972 /* CustomColor.swift */ = {isa = PBXFileReference; lastKnownFileType = sourcecode.swift; path = CustomColor.swift; sourceTree = "<group>"; };
		40C2367A25DE63C600BE1972 /* LoginSignUpViewController.swift */ = {isa = PBXFileReference; lastKnownFileType = sourcecode.swift; path = LoginSignUpViewController.swift; sourceTree = "<group>"; };
		40C2367C25DE70E800BE1972 /* CustomButton.swift */ = {isa = PBXFileReference; lastKnownFileType = sourcecode.swift; path = CustomButton.swift; sourceTree = "<group>"; };
		40C2367E25E0D81300BE1972 /* CustomLabel.swift */ = {isa = PBXFileReference; lastKnownFileType = sourcecode.swift; path = CustomLabel.swift; sourceTree = "<group>"; };
		87F447B15935EB4F3673B771 /* Pods-CookBook.debug.xcconfig */ = {isa = PBXFileReference; includeInIndex = 1; lastKnownFileType = text.xcconfig; name = "Pods-CookBook.debug.xcconfig"; path = "Target Support Files/Pods-CookBook/Pods-CookBook.debug.xcconfig"; sourceTree = "<group>"; };
		A149F426BB46BADACFA236DD /* Pods_CookBook.framework */ = {isa = PBXFileReference; explicitFileType = wrapper.framework; includeInIndex = 0; path = Pods_CookBook.framework; sourceTree = BUILT_PRODUCTS_DIR; };
		C141A92506AE7AFCACF2215E /* Pods-CookBook.release.xcconfig */ = {isa = PBXFileReference; includeInIndex = 1; lastKnownFileType = text.xcconfig; name = "Pods-CookBook.release.xcconfig"; path = "Target Support Files/Pods-CookBook/Pods-CookBook.release.xcconfig"; sourceTree = "<group>"; };
/* End PBXFileReference section */

/* Begin PBXFrameworksBuildPhase section */
		40C2364025DE542200BE1972 /* Frameworks */ = {
			isa = PBXFrameworksBuildPhase;
			buildActionMask = 2147483647;
			files = (
				105875B48A1B7A7519304C90 /* Pods_CookBook.framework in Frameworks */,
			);
			runOnlyForDeploymentPostprocessing = 0;
		};
		40C2365625DE542800BE1972 /* Frameworks */ = {
			isa = PBXFrameworksBuildPhase;
			buildActionMask = 2147483647;
			files = (
			);
			runOnlyForDeploymentPostprocessing = 0;
		};
		40C2366125DE542800BE1972 /* Frameworks */ = {
			isa = PBXFrameworksBuildPhase;
			buildActionMask = 2147483647;
			files = (
			);
			runOnlyForDeploymentPostprocessing = 0;
		};
/* End PBXFrameworksBuildPhase section */

/* Begin PBXGroup section */
		40C2363A25DE542200BE1972 = {
			isa = PBXGroup;
			children = (
				40C2364525DE542300BE1972 /* CookBook */,
				40C2365C25DE542800BE1972 /* CookBookTests */,
				40C2366725DE542800BE1972 /* CookBookUITests */,
				40C2364425DE542300BE1972 /* Products */,
				6E5652A7B998DB811E9A28EA /* Pods */,
				BB112BBFA28F1D3B0E32A4D0 /* Frameworks */,
			);
			sourceTree = "<group>";
		};
		40C2364425DE542300BE1972 /* Products */ = {
			isa = PBXGroup;
			children = (
				40C2364325DE542300BE1972 /* CookBook.app */,
				40C2365925DE542800BE1972 /* CookBookTests.xctest */,
				40C2366425DE542800BE1972 /* CookBookUITests.xctest */,
			);
			name = Products;
			sourceTree = "<group>";
		};
		40C2364525DE542300BE1972 /* CookBook */ = {
			isa = PBXGroup;
			children = (
				40C2367925DE637700BE1972 /* View Controlers */,
				40C2367625DE615500BE1972 /* Custom */,
				40C2364625DE542300BE1972 /* AppDelegate.swift */,
				40C2364825DE542300BE1972 /* SceneDelegate.swift */,
				40C2364C25DE542300BE1972 /* Main.storyboard */,
				40195FA225E3BAF300CBA2BE /* bigPictureStoryboard.storyboard */,
				401B9CBA25E3BC82003A2068 /* TabBarMenu.storyboard */,
				40C2364F25DE542800BE1972 /* Assets.xcassets */,
				40C2365125DE542800BE1972 /* LaunchScreen.storyboard */,
				40C2365425DE542800BE1972 /* Info.plist */,
			);
			path = CookBook;
			sourceTree = "<group>";
		};
		40C2365C25DE542800BE1972 /* CookBookTests */ = {
			isa = PBXGroup;
			children = (
				40C2365D25DE542800BE1972 /* CookBookTests.swift */,
				40C2365F25DE542800BE1972 /* Info.plist */,
			);
			path = CookBookTests;
			sourceTree = "<group>";
		};
		40C2366725DE542800BE1972 /* CookBookUITests */ = {
			isa = PBXGroup;
			children = (
				40C2366825DE542800BE1972 /* CookBookUITests.swift */,
				40C2366A25DE542800BE1972 /* Info.plist */,
			);
			path = CookBookUITests;
			sourceTree = "<group>";
		};
		40C2367625DE615500BE1972 /* Custom */ = {
			isa = PBXGroup;
			children = (
				40C2367725DE618D00BE1972 /* CustomColor.swift */,
				40C2367C25DE70E800BE1972 /* CustomButton.swift */,
				40C2367E25E0D81300BE1972 /* CustomLabel.swift */,
				40195F9425E11FDD00CBA2BE /* CustomTextField.swift */,
				40195F9825E16F4A00CBA2BE /* CustomNavigationController.swift */,
			);
			path = Custom;
			sourceTree = "<group>";
		};
		40C2367925DE637700BE1972 /* View Controlers */ = {
			isa = PBXGroup;
			children = (
				40C2367A25DE63C600BE1972 /* LoginSignUpViewController.swift */,
				40195F9C25E2CEC900CBA2BE /* CategoryTableViewController.swift */,
				40195F9225E1147500CBA2BE /* LoginViewController.swift */,
				40195F9625E1658E00CBA2BE /* SignUpViewController.swift */,
				40195F9A25E2CEAC00CBA2BE /* HomeTableViewController.swift */,
				40195F9E25E2CF3900CBA2BE /* FavoriteTableViewController.swift */,
				40195FA025E2CF9300CBA2BE /* ProfileViewController.swift */,
			);
			path = "View Controlers";
			sourceTree = "<group>";
		};
		6E5652A7B998DB811E9A28EA /* Pods */ = {
			isa = PBXGroup;
			children = (
				87F447B15935EB4F3673B771 /* Pods-CookBook.debug.xcconfig */,
				C141A92506AE7AFCACF2215E /* Pods-CookBook.release.xcconfig */,
			);
			path = Pods;
			sourceTree = "<group>";
		};
		BB112BBFA28F1D3B0E32A4D0 /* Frameworks */ = {
			isa = PBXGroup;
			children = (
				A149F426BB46BADACFA236DD /* Pods_CookBook.framework */,
			);
			name = Frameworks;
			sourceTree = "<group>";
		};
/* End PBXGroup section */

/* Begin PBXNativeTarget section */
		40C2364225DE542200BE1972 /* CookBook */ = {
			isa = PBXNativeTarget;
			buildConfigurationList = 40C2366D25DE542800BE1972 /* Build configuration list for PBXNativeTarget "CookBook" */;
			buildPhases = (
				DB3C1889840AED32EDA531EF /* [CP] Check Pods Manifest.lock */,
				40C2363F25DE542200BE1972 /* Sources */,
				40C2364025DE542200BE1972 /* Frameworks */,
				40C2364125DE542200BE1972 /* Resources */,
				80DE100A927BC7AF9C79D9C0 /* [CP] Embed Pods Frameworks */,
			);
			buildRules = (
			);
			dependencies = (
			);
			name = CookBook;
			productName = CookBook;
			productReference = 40C2364325DE542300BE1972 /* CookBook.app */;
			productType = "com.apple.product-type.application";
		};
		40C2365825DE542800BE1972 /* CookBookTests */ = {
			isa = PBXNativeTarget;
			buildConfigurationList = 40C2367025DE542800BE1972 /* Build configuration list for PBXNativeTarget "CookBookTests" */;
			buildPhases = (
				40C2365525DE542800BE1972 /* Sources */,
				40C2365625DE542800BE1972 /* Frameworks */,
				40C2365725DE542800BE1972 /* Resources */,
			);
			buildRules = (
			);
			dependencies = (
				40C2365B25DE542800BE1972 /* PBXTargetDependency */,
			);
			name = CookBookTests;
			productName = CookBookTests;
			productReference = 40C2365925DE542800BE1972 /* CookBookTests.xctest */;
			productType = "com.apple.product-type.bundle.unit-test";
		};
		40C2366325DE542800BE1972 /* CookBookUITests */ = {
			isa = PBXNativeTarget;
			buildConfigurationList = 40C2367325DE542800BE1972 /* Build configuration list for PBXNativeTarget "CookBookUITests" */;
			buildPhases = (
				40C2366025DE542800BE1972 /* Sources */,
				40C2366125DE542800BE1972 /* Frameworks */,
				40C2366225DE542800BE1972 /* Resources */,
			);
			buildRules = (
			);
			dependencies = (
				40C2366625DE542800BE1972 /* PBXTargetDependency */,
			);
			name = CookBookUITests;
			productName = CookBookUITests;
			productReference = 40C2366425DE542800BE1972 /* CookBookUITests.xctest */;
			productType = "com.apple.product-type.bundle.ui-testing";
		};
/* End PBXNativeTarget section */

/* Begin PBXProject section */
		40C2363B25DE542200BE1972 /* Project object */ = {
			isa = PBXProject;
			attributes = {
				LastSwiftUpdateCheck = 1130;
				LastUpgradeCheck = 1130;
				ORGANIZATIONNAME = "Himanshu Soni";
				TargetAttributes = {
					40C2364225DE542200BE1972 = {
						CreatedOnToolsVersion = 11.3.1;
					};
					40C2365825DE542800BE1972 = {
						CreatedOnToolsVersion = 11.3.1;
						TestTargetID = 40C2364225DE542200BE1972;
					};
					40C2366325DE542800BE1972 = {
						CreatedOnToolsVersion = 11.3.1;
						TestTargetID = 40C2364225DE542200BE1972;
					};
				};
			};
			buildConfigurationList = 40C2363E25DE542200BE1972 /* Build configuration list for PBXProject "CookBook" */;
			compatibilityVersion = "Xcode 9.3";
			developmentRegion = en;
			hasScannedForEncodings = 0;
			knownRegions = (
				en,
				Base,
			);
			mainGroup = 40C2363A25DE542200BE1972;
			productRefGroup = 40C2364425DE542300BE1972 /* Products */;
			projectDirPath = "";
			projectRoot = "";
			targets = (
				40C2364225DE542200BE1972 /* CookBook */,
				40C2365825DE542800BE1972 /* CookBookTests */,
				40C2366325DE542800BE1972 /* CookBookUITests */,
			);
		};
/* End PBXProject section */

/* Begin PBXResourcesBuildPhase section */
		40C2364125DE542200BE1972 /* Resources */ = {
			isa = PBXResourcesBuildPhase;
			buildActionMask = 2147483647;
			files = (
				40C2365325DE542800BE1972 /* LaunchScreen.storyboard in Resources */,
				40195FA325E3BAF300CBA2BE /* bigPictureStoryboard.storyboard in Resources */,
				40C2365025DE542800BE1972 /* Assets.xcassets in Resources */,
				40C2364E25DE542300BE1972 /* Main.storyboard in Resources */,
			);
			runOnlyForDeploymentPostprocessing = 0;
		};
		40C2365725DE542800BE1972 /* Resources */ = {
			isa = PBXResourcesBuildPhase;
			buildActionMask = 2147483647;
			files = (
			);
			runOnlyForDeploymentPostprocessing = 0;
		};
		40C2366225DE542800BE1972 /* Resources */ = {
			isa = PBXResourcesBuildPhase;
			buildActionMask = 2147483647;
			files = (
			);
			runOnlyForDeploymentPostprocessing = 0;
		};
/* End PBXResourcesBuildPhase section */

/* Begin PBXShellScriptBuildPhase section */
		80DE100A927BC7AF9C79D9C0 /* [CP] Embed Pods Frameworks */ = {
			isa = PBXShellScriptBuildPhase;
			buildActionMask = 2147483647;
			files = (
			);
			inputFileListPaths = (
				"${PODS_ROOT}/Target Support Files/Pods-CookBook/Pods-CookBook-frameworks-${CONFIGURATION}-input-files.xcfilelist",
			);
			name = "[CP] Embed Pods Frameworks";
			outputFileListPaths = (
				"${PODS_ROOT}/Target Support Files/Pods-CookBook/Pods-CookBook-frameworks-${CONFIGURATION}-output-files.xcfilelist",
			);
			runOnlyForDeploymentPostprocessing = 0;
			shellPath = /bin/sh;
			shellScript = "\"${PODS_ROOT}/Target Support Files/Pods-CookBook/Pods-CookBook-frameworks.sh\"\n";
			showEnvVarsInLog = 0;
		};
		DB3C1889840AED32EDA531EF /* [CP] Check Pods Manifest.lock */ = {
			isa = PBXShellScriptBuildPhase;
			buildActionMask = 2147483647;
			files = (
			);
			inputFileListPaths = (
			);
			inputPaths = (
				"${PODS_PODFILE_DIR_PATH}/Podfile.lock",
				"${PODS_ROOT}/Manifest.lock",
			);
			name = "[CP] Check Pods Manifest.lock";
			outputFileListPaths = (
			);
			outputPaths = (
				"$(DERIVED_FILE_DIR)/Pods-CookBook-checkManifestLockResult.txt",
			);
			runOnlyForDeploymentPostprocessing = 0;
			shellPath = /bin/sh;
			shellScript = "diff \"${PODS_PODFILE_DIR_PATH}/Podfile.lock\" \"${PODS_ROOT}/Manifest.lock\" > /dev/null\nif [ $? != 0 ] ; then\n    # print error to STDERR\n    echo \"error: The sandbox is not in sync with the Podfile.lock. Run 'pod install' or update your CocoaPods installation.\" >&2\n    exit 1\nfi\n# This output is used by Xcode 'outputs' to avoid re-running this script phase.\necho \"SUCCESS\" > \"${SCRIPT_OUTPUT_FILE_0}\"\n";
			showEnvVarsInLog = 0;
		};
/* End PBXShellScriptBuildPhase section */

/* Begin PBXSourcesBuildPhase section */
		40C2363F25DE542200BE1972 /* Sources */ = {
			isa = PBXSourcesBuildPhase;
			buildActionMask = 2147483647;
			files = (
				40195F9F25E2CF3900CBA2BE /* FavoriteTableViewController.swift in Sources */,
				40195F9325E1147500CBA2BE /* LoginViewController.swift in Sources */,
				40195F9B25E2CEAC00CBA2BE /* HomeTableViewController.swift in Sources */,
				40C2367B25DE63C600BE1972 /* LoginSignUpViewController.swift in Sources */,
				40195FA125E2CF9300CBA2BE /* ProfileViewController.swift in Sources */,
				40C2367F25E0D81300BE1972 /* CustomLabel.swift in Sources */,
				40C2364725DE542300BE1972 /* AppDelegate.swift in Sources */,
				40195F9525E11FDD00CBA2BE /* CustomTextField.swift in Sources */,
				40C2367825DE618D00BE1972 /* CustomColor.swift in Sources */,
				40195F9925E16F4A00CBA2BE /* CustomNavigationController.swift in Sources */,
				40195F9725E1658E00CBA2BE /* SignUpViewController.swift in Sources */,
				40C2364925DE542300BE1972 /* SceneDelegate.swift in Sources */,
				40C2367D25DE70E800BE1972 /* CustomButton.swift in Sources */,
				40195F9D25E2CEC900CBA2BE /* CategoryTableViewController.swift in Sources */,
			);
			runOnlyForDeploymentPostprocessing = 0;
		};
		40C2365525DE542800BE1972 /* Sources */ = {
			isa = PBXSourcesBuildPhase;
			buildActionMask = 2147483647;
			files = (
				40C2365E25DE542800BE1972 /* CookBookTests.swift in Sources */,
			);
			runOnlyForDeploymentPostprocessing = 0;
		};
		40C2366025DE542800BE1972 /* Sources */ = {
			isa = PBXSourcesBuildPhase;
			buildActionMask = 2147483647;
			files = (
				40C2366925DE542800BE1972 /* CookBookUITests.swift in Sources */,
			);
			runOnlyForDeploymentPostprocessing = 0;
		};
/* End PBXSourcesBuildPhase section */

/* Begin PBXTargetDependency section */
		40C2365B25DE542800BE1972 /* PBXTargetDependency */ = {
			isa = PBXTargetDependency;
			target = 40C2364225DE542200BE1972 /* CookBook */;
			targetProxy = 40C2365A25DE542800BE1972 /* PBXContainerItemProxy */;
		};
		40C2366625DE542800BE1972 /* PBXTargetDependency */ = {
			isa = PBXTargetDependency;
			target = 40C2364225DE542200BE1972 /* CookBook */;
			targetProxy = 40C2366525DE542800BE1972 /* PBXContainerItemProxy */;
		};
/* End PBXTargetDependency section */

/* Begin PBXVariantGroup section */
		40C2364C25DE542300BE1972 /* Main.storyboard */ = {
			isa = PBXVariantGroup;
			children = (
				40C2364D25DE542300BE1972 /* Base */,
			);
			name = Main.storyboard;
			sourceTree = "<group>";
		};
		40C2365125DE542800BE1972 /* LaunchScreen.storyboard */ = {
			isa = PBXVariantGroup;
			children = (
				40C2365225DE542800BE1972 /* Base */,
			);
			name = LaunchScreen.storyboard;
			sourceTree = "<group>";
		};
/* End PBXVariantGroup section */

/* Begin XCBuildConfiguration section */
		40C2366B25DE542800BE1972 /* Debug */ = {
			isa = XCBuildConfiguration;
			buildSettings = {
				ALWAYS_SEARCH_USER_PATHS = NO;
				CLANG_ANALYZER_NONNULL = YES;
				CLANG_ANALYZER_NUMBER_OBJECT_CONVERSION = YES_AGGRESSIVE;
				CLANG_CXX_LANGUAGE_STANDARD = "gnu++14";
				CLANG_CXX_LIBRARY = "libc++";
				CLANG_ENABLE_MODULES = YES;
				CLANG_ENABLE_OBJC_ARC = YES;
				CLANG_ENABLE_OBJC_WEAK = YES;
				CLANG_WARN_BLOCK_CAPTURE_AUTORELEASING = YES;
				CLANG_WARN_BOOL_CONVERSION = YES;
				CLANG_WARN_COMMA = YES;
				CLANG_WARN_CONSTANT_CONVERSION = YES;
				CLANG_WARN_DEPRECATED_OBJC_IMPLEMENTATIONS = YES;
				CLANG_WARN_DIRECT_OBJC_ISA_USAGE = YES_ERROR;
				CLANG_WARN_DOCUMENTATION_COMMENTS = YES;
				CLANG_WARN_EMPTY_BODY = YES;
				CLANG_WARN_ENUM_CONVERSION = YES;
				CLANG_WARN_INFINITE_RECURSION = YES;
				CLANG_WARN_INT_CONVERSION = YES;
				CLANG_WARN_NON_LITERAL_NULL_CONVERSION = YES;
				CLANG_WARN_OBJC_IMPLICIT_RETAIN_SELF = YES;
				CLANG_WARN_OBJC_LITERAL_CONVERSION = YES;
				CLANG_WARN_OBJC_ROOT_CLASS = YES_ERROR;
				CLANG_WARN_RANGE_LOOP_ANALYSIS = YES;
				CLANG_WARN_STRICT_PROTOTYPES = YES;
				CLANG_WARN_SUSPICIOUS_MOVE = YES;
				CLANG_WARN_UNGUARDED_AVAILABILITY = YES_AGGRESSIVE;
				CLANG_WARN_UNREACHABLE_CODE = YES;
				CLANG_WARN__DUPLICATE_METHOD_MATCH = YES;
				COPY_PHASE_STRIP = NO;
				DEBUG_INFORMATION_FORMAT = dwarf;
				ENABLE_STRICT_OBJC_MSGSEND = YES;
				ENABLE_TESTABILITY = YES;
				GCC_C_LANGUAGE_STANDARD = gnu11;
				GCC_DYNAMIC_NO_PIC = NO;
				GCC_NO_COMMON_BLOCKS = YES;
				GCC_OPTIMIZATION_LEVEL = 0;
				GCC_PREPROCESSOR_DEFINITIONS = (
					"DEBUG=1",
					"$(inherited)",
				);
				GCC_WARN_64_TO_32_BIT_CONVERSION = YES;
				GCC_WARN_ABOUT_RETURN_TYPE = YES_ERROR;
				GCC_WARN_UNDECLARED_SELECTOR = YES;
				GCC_WARN_UNINITIALIZED_AUTOS = YES_AGGRESSIVE;
				GCC_WARN_UNUSED_FUNCTION = YES;
				GCC_WARN_UNUSED_VARIABLE = YES;
				IPHONEOS_DEPLOYMENT_TARGET = 13.2;
				MTL_ENABLE_DEBUG_INFO = INCLUDE_SOURCE;
				MTL_FAST_MATH = YES;
				ONLY_ACTIVE_ARCH = YES;
				SDKROOT = iphoneos;
				SWIFT_ACTIVE_COMPILATION_CONDITIONS = DEBUG;
				SWIFT_OPTIMIZATION_LEVEL = "-Onone";
			};
			name = Debug;
		};
		40C2366C25DE542800BE1972 /* Release */ = {
			isa = XCBuildConfiguration;
			buildSettings = {
				ALWAYS_SEARCH_USER_PATHS = NO;
				CLANG_ANALYZER_NONNULL = YES;
				CLANG_ANALYZER_NUMBER_OBJECT_CONVERSION = YES_AGGRESSIVE;
				CLANG_CXX_LANGUAGE_STANDARD = "gnu++14";
				CLANG_CXX_LIBRARY = "libc++";
				CLANG_ENABLE_MODULES = YES;
				CLANG_ENABLE_OBJC_ARC = YES;
				CLANG_ENABLE_OBJC_WEAK = YES;
				CLANG_WARN_BLOCK_CAPTURE_AUTORELEASING = YES;
				CLANG_WARN_BOOL_CONVERSION = YES;
				CLANG_WARN_COMMA = YES;
				CLANG_WARN_CONSTANT_CONVERSION = YES;
				CLANG_WARN_DEPRECATED_OBJC_IMPLEMENTATIONS = YES;
				CLANG_WARN_DIRECT_OBJC_ISA_USAGE = YES_ERROR;
				CLANG_WARN_DOCUMENTATION_COMMENTS = YES;
				CLANG_WARN_EMPTY_BODY = YES;
				CLANG_WARN_ENUM_CONVERSION = YES;
				CLANG_WARN_INFINITE_RECURSION = YES;
				CLANG_WARN_INT_CONVERSION = YES;
				CLANG_WARN_NON_LITERAL_NULL_CONVERSION = YES;
				CLANG_WARN_OBJC_IMPLICIT_RETAIN_SELF = YES;
				CLANG_WARN_OBJC_LITERAL_CONVERSION = YES;
				CLANG_WARN_OBJC_ROOT_CLASS = YES_ERROR;
				CLANG_WARN_RANGE_LOOP_ANALYSIS = YES;
				CLANG_WARN_STRICT_PROTOTYPES = YES;
				CLANG_WARN_SUSPICIOUS_MOVE = YES;
				CLANG_WARN_UNGUARDED_AVAILABILITY = YES_AGGRESSIVE;
				CLANG_WARN_UNREACHABLE_CODE = YES;
				CLANG_WARN__DUPLICATE_METHOD_MATCH = YES;
				COPY_PHASE_STRIP = NO;
				DEBUG_INFORMATION_FORMAT = "dwarf-with-dsym";
				ENABLE_NS_ASSERTIONS = NO;
				ENABLE_STRICT_OBJC_MSGSEND = YES;
				GCC_C_LANGUAGE_STANDARD = gnu11;
				GCC_NO_COMMON_BLOCKS = YES;
				GCC_WARN_64_TO_32_BIT_CONVERSION = YES;
				GCC_WARN_ABOUT_RETURN_TYPE = YES_ERROR;
				GCC_WARN_UNDECLARED_SELECTOR = YES;
				GCC_WARN_UNINITIALIZED_AUTOS = YES_AGGRESSIVE;
				GCC_WARN_UNUSED_FUNCTION = YES;
				GCC_WARN_UNUSED_VARIABLE = YES;
				IPHONEOS_DEPLOYMENT_TARGET = 13.2;
				MTL_ENABLE_DEBUG_INFO = NO;
				MTL_FAST_MATH = YES;
				SDKROOT = iphoneos;
				SWIFT_COMPILATION_MODE = wholemodule;
				SWIFT_OPTIMIZATION_LEVEL = "-O";
				VALIDATE_PRODUCT = YES;
			};
			name = Release;
		};
		40C2366E25DE542800BE1972 /* Debug */ = {
			isa = XCBuildConfiguration;
			baseConfigurationReference = 87F447B15935EB4F3673B771 /* Pods-CookBook.debug.xcconfig */;
			buildSettings = {
				ASSETCATALOG_COMPILER_APPICON_NAME = AppIcon;
				CODE_SIGN_STYLE = Automatic;
				INFOPLIST_FILE = CookBook/Info.plist;
				LD_RUNPATH_SEARCH_PATHS = (
					"$(inherited)",
					"@executable_path/Frameworks",
				);
				PRODUCT_BUNDLE_IDENTIFIER = himanshu.CookBook;
				PRODUCT_NAME = "$(TARGET_NAME)";
				SWIFT_VERSION = 5.0;
				TARGETED_DEVICE_FAMILY = "1,2";
			};
			name = Debug;
		};
		40C2366F25DE542800BE1972 /* Release */ = {
			isa = XCBuildConfiguration;
			baseConfigurationReference = C141A92506AE7AFCACF2215E /* Pods-CookBook.release.xcconfig */;
			buildSettings = {
				ASSETCATALOG_COMPILER_APPICON_NAME = AppIcon;
				CODE_SIGN_STYLE = Automatic;
				INFOPLIST_FILE = CookBook/Info.plist;
				LD_RUNPATH_SEARCH_PATHS = (
					"$(inherited)",
					"@executable_path/Frameworks",
				);
				PRODUCT_BUNDLE_IDENTIFIER = himanshu.CookBook;
				PRODUCT_NAME = "$(TARGET_NAME)";
				SWIFT_VERSION = 5.0;
				TARGETED_DEVICE_FAMILY = "1,2";
			};
			name = Release;
		};
		40C2367125DE542800BE1972 /* Debug */ = {
			isa = XCBuildConfiguration;
			buildSettings = {
				ALWAYS_EMBED_SWIFT_STANDARD_LIBRARIES = YES;
				BUNDLE_LOADER = "$(TEST_HOST)";
				CODE_SIGN_STYLE = Automatic;
				INFOPLIST_FILE = CookBookTests/Info.plist;
				IPHONEOS_DEPLOYMENT_TARGET = 13.2;
				LD_RUNPATH_SEARCH_PATHS = (
					"$(inherited)",
					"@executable_path/Frameworks",
					"@loader_path/Frameworks",
				);
				PRODUCT_BUNDLE_IDENTIFIER = himanshu.CookBookTests;
				PRODUCT_NAME = "$(TARGET_NAME)";
				SWIFT_VERSION = 5.0;
				TARGETED_DEVICE_FAMILY = "1,2";
				TEST_HOST = "$(BUILT_PRODUCTS_DIR)/CookBook.app/CookBook";
			};
			name = Debug;
		};
		40C2367225DE542800BE1972 /* Release */ = {
			isa = XCBuildConfiguration;
			buildSettings = {
				ALWAYS_EMBED_SWIFT_STANDARD_LIBRARIES = YES;
				BUNDLE_LOADER = "$(TEST_HOST)";
				CODE_SIGN_STYLE = Automatic;
				INFOPLIST_FILE = CookBookTests/Info.plist;
				IPHONEOS_DEPLOYMENT_TARGET = 13.2;
				LD_RUNPATH_SEARCH_PATHS = (
					"$(inherited)",
					"@executable_path/Frameworks",
					"@loader_path/Frameworks",
				);
				PRODUCT_BUNDLE_IDENTIFIER = himanshu.CookBookTests;
				PRODUCT_NAME = "$(TARGET_NAME)";
				SWIFT_VERSION = 5.0;
				TARGETED_DEVICE_FAMILY = "1,2";
				TEST_HOST = "$(BUILT_PRODUCTS_DIR)/CookBook.app/CookBook";
			};
			name = Release;
		};
		40C2367425DE542800BE1972 /* Debug */ = {
			isa = XCBuildConfiguration;
			buildSettings = {
				ALWAYS_EMBED_SWIFT_STANDARD_LIBRARIES = YES;
				CODE_SIGN_STYLE = Automatic;
				INFOPLIST_FILE = CookBookUITests/Info.plist;
				LD_RUNPATH_SEARCH_PATHS = (
					"$(inherited)",
					"@executable_path/Frameworks",
					"@loader_path/Frameworks",
				);
				PRODUCT_BUNDLE_IDENTIFIER = himanshu.CookBookUITests;
				PRODUCT_NAME = "$(TARGET_NAME)";
				SWIFT_VERSION = 5.0;
				TARGETED_DEVICE_FAMILY = "1,2";
				TEST_TARGET_NAME = CookBook;
			};
			name = Debug;
		};
		40C2367525DE542800BE1972 /* Release */ = {
			isa = XCBuildConfiguration;
			buildSettings = {
				ALWAYS_EMBED_SWIFT_STANDARD_LIBRARIES = YES;
				CODE_SIGN_STYLE = Automatic;
				INFOPLIST_FILE = CookBookUITests/Info.plist;
				LD_RUNPATH_SEARCH_PATHS = (
					"$(inherited)",
					"@executable_path/Frameworks",
					"@loader_path/Frameworks",
				);
				PRODUCT_BUNDLE_IDENTIFIER = himanshu.CookBookUITests;
				PRODUCT_NAME = "$(TARGET_NAME)";
				SWIFT_VERSION = 5.0;
				TARGETED_DEVICE_FAMILY = "1,2";
				TEST_TARGET_NAME = CookBook;
			};
			name = Release;
		};
/* End XCBuildConfiguration section */

/* Begin XCConfigurationList section */
		40C2363E25DE542200BE1972 /* Build configuration list for PBXProject "CookBook" */ = {
			isa = XCConfigurationList;
			buildConfigurations = (
				40C2366B25DE542800BE1972 /* Debug */,
				40C2366C25DE542800BE1972 /* Release */,
			);
			defaultConfigurationIsVisible = 0;
			defaultConfigurationName = Release;
		};
		40C2366D25DE542800BE1972 /* Build configuration list for PBXNativeTarget "CookBook" */ = {
			isa = XCConfigurationList;
			buildConfigurations = (
				40C2366E25DE542800BE1972 /* Debug */,
				40C2366F25DE542800BE1972 /* Release */,
			);
			defaultConfigurationIsVisible = 0;
			defaultConfigurationName = Release;
		};
		40C2367025DE542800BE1972 /* Build configuration list for PBXNativeTarget "CookBookTests" */ = {
			isa = XCConfigurationList;
			buildConfigurations = (
				40C2367125DE542800BE1972 /* Debug */,
				40C2367225DE542800BE1972 /* Release */,
			);
			defaultConfigurationIsVisible = 0;
			defaultConfigurationName = Release;
		};
		40C2367325DE542800BE1972 /* Build configuration list for PBXNativeTarget "CookBookUITests" */ = {
			isa = XCConfigurationList;
			buildConfigurations = (
				40C2367425DE542800BE1972 /* Debug */,
				40C2367525DE542800BE1972 /* Release */,
			);
			defaultConfigurationIsVisible = 0;
			defaultConfigurationName = Release;
		};
/* End XCConfigurationList section */
	};
	rootObject = 40C2363B25DE542200BE1972 /* Project object */;
}
